
Microsoft Visual Studio Solution File, Format Version 12.00
# Visual Studio 2013
VisualStudioVersion = 12.0.30723.0
MinimumVisualStudioVersion = 10.0.40219.1
Project("{FAE04EC0-301F-11D3-BF4B-00C04F79EFBC}") = "apex-store", "apex-store\apex-store.csproj", "{FCFEF160-80EA-46CC-8328-B55BAA51237B}"
EndProject
Project("{2150E333-8FDC-42A3-9474-1A3956D46DE8}") = ".nuget", ".nuget", "{3532D00D-2648-4086-A657-7CCCFA829F7A}"
	ProjectSection(SolutionItems) = preProject
		.nuget\NuGet.Config = .nuget\NuGet.Config
		.nuget\NuGet.exe = .nuget\NuGet.exe
		.nuget\NuGet.targets = .nuget\NuGet.targets
	EndProjectSection
EndProject
Global
	GlobalSection(SolutionConfigurationPlatforms) = preSolution
		Debug|Any CPU = Debug|Any CPU
		Release|Any CPU = Release|Any CPU
	EndGlobalSection
	GlobalSection(ProjectConfigurationPlatforms) = postSolution
		{FCFEF160-80EA-46CC-8328-B55BAA51237B}.Debug|Any CPU.ActiveCfg = Debug|Any CPU
		{FCFEF160-80EA-46CC-8328-B55BAA51237B}.Debug|Any CPU.Build.0 = Debug|Any CPU
		{FCFEF160-80EA-46CC-8328-B55BAA51237B}.Release|Any CPU.ActiveCfg = Release|Any CPU
		{FCFEF160-80EA-46CC-8328-B55BAA51237B}.Release|Any CPU.Build.0 = Release|Any CPU
	EndGlobalSection
	GlobalSection(SolutionProperties) = preSolution
		HideSolutionNode = FALSE
	EndGlobalSection
EndGlobal
